
Microsoft Visual Studio Solution File, Format Version 12.00
# Visual Studio 15
VisualStudioVersion = 15.0.27703.2042
MinimumVisualStudioVersion = 10.0.40219.1
Project("{FAE04EC0-301F-11D3-BF4B-00C04F79EFBC}") = "Prestige.Application", "Prestige.Application\Prestige.Application.csproj", "{84BFFEF5-6C77-41B9-AA2C-2A7246CF991D}"
EndProject
Project("{FAE04EC0-301F-11D3-BF4B-00C04F79EFBC}") = "Prestige.Core", "Prestige.Core\Prestige.Core.csproj", "{7F42001C-D9D3-4D57-A7F6-903E3F97D214}"
EndProject
Project("{00D1A9C2-B5F0-4AF3-8072-F6C62B433612}") = "Prestige.Database", "Prestige.Database\Prestige.Database.sqlproj", "{CBD3554A-4EE3-40D9-ACBD-AE6F8DB67554}"
EndProject
Project("{FAE04EC0-301F-11D3-BF4B-00C04F79EFBC}") = "Prestige.UnitTest", "Prestige.UnitTest\Prestige.UnitTest.csproj", "{C1D9410B-9972-4450-8D25-DA5213AB47F2}"
EndProject
Global
	GlobalSection(SolutionConfigurationPlatforms) = preSolution
		Debug|Any CPU = Debug|Any CPU
		Release|Any CPU = Release|Any CPU
	EndGlobalSection
	GlobalSection(ProjectConfigurationPlatforms) = postSolution
		{84BFFEF5-6C77-41B9-AA2C-2A7246CF991D}.Debug|Any CPU.ActiveCfg = Debug|Any CPU
		{84BFFEF5-6C77-41B9-AA2C-2A7246CF991D}.Debug|Any CPU.Build.0 = Debug|Any CPU
		{84BFFEF5-6C77-41B9-AA2C-2A7246CF991D}.Release|Any CPU.ActiveCfg = Release|Any CPU
		{84BFFEF5-6C77-41B9-AA2C-2A7246CF991D}.Release|Any CPU.Build.0 = Release|Any CPU
		{7F42001C-D9D3-4D57-A7F6-903E3F97D214}.Debug|Any CPU.ActiveCfg = Debug|Any CPU
		{7F42001C-D9D3-4D57-A7F6-903E3F97D214}.Debug|Any CPU.Build.0 = Debug|Any CPU
		{7F42001C-D9D3-4D57-A7F6-903E3F97D214}.Release|Any CPU.ActiveCfg = Release|Any CPU
		{7F42001C-D9D3-4D57-A7F6-903E3F97D214}.Release|Any CPU.Build.0 = Release|Any CPU
		{CBD3554A-4EE3-40D9-ACBD-AE6F8DB67554}.Debug|Any CPU.ActiveCfg = Debug|Any CPU
		{CBD3554A-4EE3-40D9-ACBD-AE6F8DB67554}.Debug|Any CPU.Build.0 = Debug|Any CPU
		{CBD3554A-4EE3-40D9-ACBD-AE6F8DB67554}.Debug|Any CPU.Deploy.0 = Debug|Any CPU
		{CBD3554A-4EE3-40D9-ACBD-AE6F8DB67554}.Release|Any CPU.ActiveCfg = Release|Any CPU
		{CBD3554A-4EE3-40D9-ACBD-AE6F8DB67554}.Release|Any CPU.Build.0 = Release|Any CPU
		{CBD3554A-4EE3-40D9-ACBD-AE6F8DB67554}.Release|Any CPU.Deploy.0 = Release|Any CPU
		{C1D9410B-9972-4450-8D25-DA5213AB47F2}.Debug|Any CPU.ActiveCfg = Debug|Any CPU
		{C1D9410B-9972-4450-8D25-DA5213AB47F2}.Debug|Any CPU.Build.0 = Debug|Any CPU
		{C1D9410B-9972-4450-8D25-DA5213AB47F2}.Release|Any CPU.ActiveCfg = Release|Any CPU
		{C1D9410B-9972-4450-8D25-DA5213AB47F2}.Release|Any CPU.Build.0 = Release|Any CPU
	EndGlobalSection
	GlobalSection(SolutionProperties) = preSolution
		HideSolutionNode = FALSE
	EndGlobalSection
	GlobalSection(ExtensibilityGlobals) = postSolution
		SolutionGuid = {733F7C78-EB5D-4E7B-8253-B8CE9031DC57}
	EndGlobalSection
EndGlobal
